
Microsoft Visual Studio Solution File, Format Version 12.00
# Visual Studio Version 17
VisualStudioVersion = 17.12.35707.178
MinimumVisualStudioVersion = 10.0.40219.1
Project("{FAE04EC0-301F-11D3-BF4B-00C04F79EFBC}") = "PSXhub", "PsxDataHelper\PSXhub.csproj", "{BFDB60C4-C273-4E0C-8FF8-60C23AC6314A}"
EndProject
Project("{FAE04EC0-301F-11D3-BF4B-00C04F79EFBC}") = "PsxDataHelper.Application", "PsxDataHelper.Application\PsxDataHelper.Application.csproj", "{502AB7B5-BC23-49FF-9EEE-ADCAB70BAF95}"
EndProject
Global
	GlobalSection(SolutionConfigurationPlatforms) = preSolution
		Debug|Any CPU = Debug|Any CPU
		Release|Any CPU = Release|Any CPU
	EndGlobalSection
	GlobalSection(ProjectConfigurationPlatforms) = postSolution
		{BFDB60C4-C273-4E0C-8FF8-60C23AC6314A}.Debug|Any CPU.ActiveCfg = Debug|Any CPU
		{BFDB60C4-C273-4E0C-8FF8-60C23AC6314A}.Debug|Any CPU.Build.0 = Debug|Any CPU
		{BFDB60C4-C273-4E0C-8FF8-60C23AC6314A}.Release|Any CPU.ActiveCfg = Release|Any CPU
		{BFDB60C4-C273-4E0C-8FF8-60C23AC6314A}.Release|Any CPU.Build.0 = Release|Any CPU
		{502AB7B5-BC23-49FF-9EEE-ADCAB70BAF95}.Debug|Any CPU.ActiveCfg = Debug|Any CPU
		{502AB7B5-BC23-49FF-9EEE-ADCAB70BAF95}.Debug|Any CPU.Build.0 = Debug|Any CPU
		{502AB7B5-BC23-49FF-9EEE-ADCAB70BAF95}.Release|Any CPU.ActiveCfg = Release|Any CPU
		{502AB7B5-BC23-49FF-9EEE-ADCAB70BAF95}.Release|Any CPU.Build.0 = Release|Any CPU
	EndGlobalSection
	GlobalSection(SolutionProperties) = preSolution
		HideSolutionNode = FALSE
	EndGlobalSection
EndGlobal
